{
	"name": "jamling-request",
	"version": "1.0.0",
	"lockfileVersion": 3,
	"requires": true,
	"packages": {
		"": {
			"version": "1.0.0",
			"devDependencies": {
				"@dcloudio/types": "^3.4.28",
				"typescript": "^5.9.3"
			},
			"engines": {
				"HBuilderX": "^3.1.0",
				"uni-app": "^3.1.0",
				"uni-app-x": "^3.1.0"
			}
		},
		"node_modules/@dcloudio/types": {
			"version": "3.4.28",
			"resolved": "https://registry.npmmirror.com/@dcloudio/types/-/types-3.4.28.tgz",
			"integrity": "sha512-uVIRp1VLBkrL0LaGLgIS/sT3bl1zzVTKZQbfqJEQcSAvBffRdirbSh5OvOHfA1WV5lmCAGfjhKsUQouNEVUQHg==",
			"dev": true,
			"license": "Apache-2.0"
		},
		"node_modules/typescript": {
			"version": "5.9.3",
			"resolved": "https://registry.npmmirror.com/typescript/-/typescript-5.9.3.tgz",
			"integrity": "sha512-jl1vZzPDinLr9eUt3J/t7V6FgNEw9QjvBPdysz9KfQDD41fQrC2Y4vKQdiaUpFT4bXlb1RHhLpp8wtm6M5TgSw==",
			"dev": true,
			"bin": {
				"tsc": "bin/tsc",
				"tsserver": "bin/tsserver"
			},
			"engines": {
				"node": ">=14.17"
			}
		}
	}
}
